
Microsoft Visual Studio Solution File, Format Version 12.00
# Visual Studio Version 17
VisualStudioVersion = 17.9.34728.123
MinimumVisualStudioVersion = 10.0.40219.1
Project("{8BC9CEB8-8B4A-11D0-8D11-00A0C91BC942}") = "MT3_02_01_確認課題", "MT3_02_01_確認課題.vcxproj", "{C6D78616-ADC7-4426-81CF-DC1058800524}"
EndProject
Global
	GlobalSection(SolutionConfigurationPlatforms) = preSolution
		Debug|x64 = Debug|x64
		Release|x64 = Release|x64
	EndGlobalSection
	GlobalSection(ProjectConfigurationPlatforms) = postSolution
		{C6D78616-ADC7-4426-81CF-DC1058800524}.Debug|x64.ActiveCfg = Debug|x64
		{C6D78616-ADC7-4426-81CF-DC1058800524}.Debug|x64.Build.0 = Debug|x64
		{C6D78616-ADC7-4426-81CF-DC1058800524}.Release|x64.ActiveCfg = Release|x64
		{C6D78616-ADC7-4426-81CF-DC1058800524}.Release|x64.Build.0 = Release|x64
	EndGlobalSection
	GlobalSection(SolutionProperties) = preSolution
		HideSolutionNode = FALSE
	EndGlobalSection
	GlobalSection(ExtensibilityGlobals) = postSolution
		SolutionGuid = {A1636B61-8CDE-4003-8FCE-5D9B4787C906}
	EndGlobalSection
EndGlobal
